
Microsoft Visual Studio Solution File, Format Version 12.00
# Visual Studio Version 16
VisualStudioVersion = 16.0.31702.278
MinimumVisualStudioVersion = 10.0.40219.1
Project("{9A19103F-16F7-4668-BE54-9A1E7A4F7556}") = "rpg", "rpg.csproj", "{71728781-614C-44EC-ACB1-D7E3E937B9D8}"
EndProject
Global
	GlobalSection(SolutionConfigurationPlatforms) = preSolution
		Debug|Any CPU = Debug|Any CPU
		Release|Any CPU = Release|Any CPU
	EndGlobalSection
	GlobalSection(ProjectConfigurationPlatforms) = postSolution
		{71728781-614C-44EC-ACB1-D7E3E937B9D8}.Debug|Any CPU.ActiveCfg = Debug|Any CPU
		{71728781-614C-44EC-ACB1-D7E3E937B9D8}.Debug|Any CPU.Build.0 = Debug|Any CPU
		{71728781-614C-44EC-ACB1-D7E3E937B9D8}.Release|Any CPU.ActiveCfg = Release|Any CPU
		{71728781-614C-44EC-ACB1-D7E3E937B9D8}.Release|Any CPU.Build.0 = Release|Any CPU
	EndGlobalSection
	GlobalSection(SolutionProperties) = preSolution
		HideSolutionNode = FALSE
	EndGlobalSection
	GlobalSection(ExtensibilityGlobals) = postSolution
		SolutionGuid = {3F76BBA5-660F-451B-89BC-47A8591682FE}
	EndGlobalSection
EndGlobal
